// !$*UTF8*$!
{
	archiveVersion = 1;
	classes = {
	};
	objectVersion = 46;
	objects = {

/* Begin PBXBuildFile section */
		131B761F1AC8E7CC0058EC1A /* SPBarChartViewController.m in Sources */ = {isa = PBXBuildFile; fileRef = 131B761D1AC8E7CC0058EC1A /* SPBarChartViewController.m */; };
		131B76201AC8E7CC0058EC1A /* SPBarChartViewController.xib in Resources */ = {isa = PBXBuildFile; fileRef = 131B761E1AC8E7CC0058EC1A /* SPBarChartViewController.xib */; };
		131B76291AC8F1470058EC1A /* SPGraphView.m in Sources */ = {isa = PBXBuildFile; fileRef = 131B76281AC8F1470058EC1A /* SPGraphView.m */; };
		131B767B1AC8FB240058EC1A /* libCorePlot-CocoaTouch.a in Frameworks */ = {isa = PBXBuildFile; fileRef = 131B767A1AC8FB240058EC1A /* libCorePlot-CocoaTouch.a */; };
		13D0FCD11AC6B4C500378C45 /* main.m in Sources */ = {isa = PBXBuildFile; fileRef = 13D0FCD01AC6B4C500378C45 /* main.m */; };
		13D0FCD71AC6B4C500378C45 /* ViewController.m in Sources */ = {isa = PBXBuildFile; fileRef = 13D0FCD61AC6B4C500378C45 /* ViewController.m */; };
		13D0FCDA1AC6B4C500378C45 /* Main.storyboard in Resources */ = {isa = PBXBuildFile; fileRef = 13D0FCD81AC6B4C500378C45 /* Main.storyboard */; };
		13D0FCDC1AC6B4C500378C45 /* Images.xcassets in Resources */ = {isa = PBXBuildFile; fileRef = 13D0FCDB1AC6B4C500378C45 /* Images.xcassets */; };
		13D0FCDF1AC6B4C500378C45 /* LaunchScreen.xib in Resources */ = {isa = PBXBuildFile; fileRef = 13D0FCDD1AC6B4C500378C45 /* LaunchScreen.xib */; };
		13D0FCEB1AC6B4C500378C45 /* SimpleCorePlotTests.m in Sources */ = {isa = PBXBuildFile; fileRef = 13D0FCEA1AC6B4C500378C45 /* SimpleCorePlotTests.m */; };
		13D0FCFB1AC6B5AD00378C45 /* AppDelegate.m in Sources */ = {isa = PBXBuildFile; fileRef = 13D0FCF71AC6B5AD00378C45 /* AppDelegate.m */; };
/* End PBXBuildFile section */

/* Begin PBXContainerItemProxy section */
		13D0FCE51AC6B4C500378C45 /* PBXContainerItemProxy */ = {
			isa = PBXContainerItemProxy;
			containerPortal = 13D0FCC31AC6B4C400378C45 /* Project object */;
			proxyType = 1;
			remoteGlobalIDString = 13D0FCCA1AC6B4C500378C45;
			remoteInfo = SimpleCorePlot;
		};
/* End PBXContainerItemProxy section */

/* Begin PBXFileReference section */
		131B761C1AC8E7CC0058EC1A /* SPBarChartViewController.h */ = {isa = PBXFileReference; fileEncoding = 4; lastKnownFileType = sourcecode.c.h; path = SPBarChartViewController.h; sourceTree = "<group>"; };
		131B761D1AC8E7CC0058EC1A /* SPBarChartViewController.m */ = {isa = PBXFileReference; fileEncoding = 4; lastKnownFileType = sourcecode.c.objc; path = SPBarChartViewController.m; sourceTree = "<group>"; };
		131B761E1AC8E7CC0058EC1A /* SPBarChartViewController.xib */ = {isa = PBXFileReference; fileEncoding = 4; lastKnownFileType = file.xib; path = SPBarChartViewController.xib; sourceTree = "<group>"; };
		131B76271AC8F1470058EC1A /* SPGraphView.h */ = {isa = PBXFileReference; fileEncoding = 4; lastKnownFileType = sourcecode.c.h; path = SPGraphView.h; sourceTree = "<group>"; };
		131B76281AC8F1470058EC1A /* SPGraphView.m */ = {isa = PBXFileReference; fileEncoding = 4; lastKnownFileType = sourcecode.c.objc; path = SPGraphView.m; sourceTree = "<group>"; };
		131B762C1AC8FB240058EC1A /* CorePlot-CocoaTouch.h */ = {isa = PBXFileReference; fileEncoding = 4; lastKnownFileType = sourcecode.c.h; path = "CorePlot-CocoaTouch.h"; sourceTree = "<group>"; };
		131B762D1AC8FB240058EC1A /* CPTAnimation.h */ = {isa = PBXFileReference; fileEncoding = 4; lastKnownFileType = sourcecode.c.h; path = CPTAnimation.h; sourceTree = "<group>"; };
		131B762E1AC8FB240058EC1A /* CPTAnimationOperation.h */ = {isa = PBXFileReference; fileEncoding = 4; lastKnownFileType = sourcecode.c.h; path = CPTAnimationOperation.h; sourceTree = "<group>"; };
		131B762F1AC8FB240058EC1A /* CPTAnimationPeriod.h */ = {isa = PBXFileReference; fileEncoding = 4; lastKnownFileType = sourcecode.c.h; path = CPTAnimationPeriod.h; sourceTree = "<group>"; };
		131B76301AC8FB240058EC1A /* CPTAnnotation.h */ = {isa = PBXFileReference; fileEncoding = 4; lastKnownFileType = sourcecode.c.h; path = CPTAnnotation.h; sourceTree = "<group>"; };
		131B76311AC8FB240058EC1A /* CPTAnnotationHostLayer.h */ = {isa = PBXFileReference; fileEncoding = 4; lastKnownFileType = sourcecode.c.h; path = CPTAnnotationHostLayer.h; sourceTree = "<group>"; };
		131B76321AC8FB240058EC1A /* CPTAxis.h */ = {isa = PBXFileReference; fileEncoding = 4; lastKnownFileType = sourcecode.c.h; path = CPTAxis.h; sourceTree = "<group>"; };
		131B76331AC8FB240058EC1A /* CPTAxisLabel.h */ = {isa = PBXFileReference; fileEncoding = 4; lastKnownFileType = sourcecode.c.h; path = CPTAxisLabel.h; sourceTree = "<group>"; };
		131B76341AC8FB240058EC1A /* CPTAxisLabelGroup.h */ = {isa = PBXFileReference; fileEncoding = 4; lastKnownFileType = sourcecode.c.h; path = CPTAxisLabelGroup.h; sourceTree = "<group>"; };
		131B76351AC8FB240058EC1A /* CPTAxisSet.h */ = {isa = PBXFileReference; fileEncoding = 4; lastKnownFileType = sourcecode.c.h; path = CPTAxisSet.h; sourceTree = "<group>"; };
		131B76361AC8FB240058EC1A /* CPTAxisTitle.h */ = {isa = PBXFileReference; fileEncoding = 4; lastKnownFileType = sourcecode.c.h; path = CPTAxisTitle.h; sourceTree = "<group>"; };
		131B76371AC8FB240058EC1A /* CPTBarPlot.h */ = {isa = PBXFileReference; fileEncoding = 4; lastKnownFileType = sourcecode.c.h; path = CPTBarPlot.h; sourceTree = "<group>"; };
		131B76381AC8FB240058EC1A /* CPTBorderedLayer.h */ = {isa = PBXFileReference; fileEncoding = 4; lastKnownFileType = sourcecode.c.h; path = CPTBorderedLayer.h; sourceTree = "<group>"; };
		131B76391AC8FB240058EC1A /* CPTCalendarFormatter.h */ = {isa = PBXFileReference; fileEncoding = 4; lastKnownFileType = sourcecode.c.h; path = CPTCalendarFormatter.h; sourceTree = "<group>"; };
		131B763A1AC8FB240058EC1A /* CPTColor.h */ = {isa = PBXFileReference; fileEncoding = 4; lastKnownFileType = sourcecode.c.h; path = CPTColor.h; sourceTree = "<group>"; };
		131B763B1AC8FB240058EC1A /* CPTColorSpace.h */ = {isa = PBXFileReference; fileEncoding = 4; lastKnownFileType = sourcecode.c.h; path = CPTColorSpace.h; sourceTree = "<group>"; };
		131B763C1AC8FB240058EC1A /* CPTConstraints.h */ = {isa = PBXFileReference; fileEncoding = 4; lastKnownFileType = sourcecode.c.h; path = CPTConstraints.h; sourceTree = "<group>"; };
		131B763D1AC8FB240058EC1A /* CPTDataSourceTestCase.h */ = {isa = PBXFileReference; fileEncoding = 4; lastKnownFileType = sourcecode.c.h; path = CPTDataSourceTestCase.h; sourceTree = "<group>"; };
		131B763E1AC8FB240058EC1A /* CPTDefinitions.h */ = {isa = PBXFileReference; fileEncoding = 4; lastKnownFileType = sourcecode.c.h; path = CPTDefinitions.h; sourceTree = "<group>"; };
		131B763F1AC8FB240058EC1A /* CPTDerivedXYGraph.h */ = {isa = PBXFileReference; fileEncoding = 4; lastKnownFileType = sourcecode.c.h; path = CPTDerivedXYGraph.h; sourceTree = "<group>"; };
		131B76401AC8FB240058EC1A /* CPTExceptions.h */ = {isa = PBXFileReference; fileEncoding = 4; lastKnownFileType = sourcecode.c.h; path = CPTExceptions.h; sourceTree = "<group>"; };
		131B76411AC8FB240058EC1A /* CPTFill.h */ = {isa = PBXFileReference; fileEncoding = 4; lastKnownFileType = sourcecode.c.h; path = CPTFill.h; sourceTree = "<group>"; };
		131B76421AC8FB240058EC1A /* CPTFunctionDataSource.h */ = {isa = PBXFileReference; fileEncoding = 4; lastKnownFileType = sourcecode.c.h; path = CPTFunctionDataSource.h; sourceTree = "<group>"; };
		131B76431AC8FB240058EC1A /* CPTGradient.h */ = {isa = PBXFileReference; fileEncoding = 4; lastKnownFileType = sourcecode.c.h; path = CPTGradient.h; sourceTree = "<group>"; };
		131B76441AC8FB240058EC1A /* CPTGraph.h */ = {isa = PBXFileReference; fileEncoding = 4; lastKnownFileType = sourcecode.c.h; path = CPTGraph.h; sourceTree = "<group>"; };
		131B76451AC8FB240058EC1A /* CPTGraphHostingView.h */ = {isa = PBXFileReference; fileEncoding = 4; lastKnownFileType = sourcecode.c.h; path = CPTGraphHostingView.h; sourceTree = "<group>"; };
		131B76461AC8FB240058EC1A /* CPTGridLineGroup.h */ = {isa = PBXFileReference; fileEncoding = 4; lastKnownFileType = sourcecode.c.h; path = CPTGridLineGroup.h; sourceTree = "<group>"; };
		131B76471AC8FB240058EC1A /* CPTGridLines.h */ = {isa = PBXFileReference; fileEncoding = 4; lastKnownFileType = sourcecode.c.h; path = CPTGridLines.h; sourceTree = "<group>"; };
		131B76481AC8FB240058EC1A /* CPTImage.h */ = {isa = PBXFileReference; fileEncoding = 4; lastKnownFileType = sourcecode.c.h; path = CPTImage.h; sourceTree = "<group>"; };
		131B76491AC8FB240058EC1A /* CPTLayer.h */ = {isa = PBXFileReference; fileEncoding = 4; lastKnownFileType = sourcecode.c.h; path = CPTLayer.h; sourceTree = "<group>"; };
		131B764A1AC8FB240058EC1A /* CPTLayerAnnotation.h */ = {isa = PBXFileReference; fileEncoding = 4; lastKnownFileType = sourcecode.c.h; path = CPTLayerAnnotation.h; sourceTree = "<group>"; };
		131B764B1AC8FB240058EC1A /* CPTLegend.h */ = {isa = PBXFileReference; fileEncoding = 4; lastKnownFileType = sourcecode.c.h; path = CPTLegend.h; sourceTree = "<group>"; };
		131B764C1AC8FB240058EC1A /* CPTLegendEntry.h */ = {isa = PBXFileReference; fileEncoding = 4; lastKnownFileType = sourcecode.c.h; path = CPTLegendEntry.h; sourceTree = "<group>"; };
		131B764D1AC8FB240058EC1A /* CPTLimitBand.h */ = {isa = PBXFileReference; fileEncoding = 4; lastKnownFileType = sourcecode.c.h; path = CPTLimitBand.h; sourceTree = "<group>"; };
		131B764E1AC8FB240058EC1A /* CPTLineCap.h */ = {isa = PBXFileReference; fileEncoding = 4; lastKnownFileType = sourcecode.c.h; path = CPTLineCap.h; sourceTree = "<group>"; };
		131B764F1AC8FB240058EC1A /* CPTLineStyle.h */ = {isa = PBXFileReference; fileEncoding = 4; lastKnownFileType = sourcecode.c.h; path = CPTLineStyle.h; sourceTree = "<group>"; };
		131B76501AC8FB240058EC1A /* CPTMutableLineStyle.h */ = {isa = PBXFileReference; fileEncoding = 4; lastKnownFileType = sourcecode.c.h; path = CPTMutableLineStyle.h; sourceTree = "<group>"; };
		131B76511AC8FB240058EC1A /* CPTMutableNumericData+TypeConversion.h */ = {isa = PBXFileReference; fileEncoding = 4; lastKnownFileType = sourcecode.c.h; path = "CPTMutableNumericData+TypeConversion.h"; sourceTree = "<group>"; };
		131B76521AC8FB240058EC1A /* CPTMutableNumericData.h */ = {isa = PBXFileReference; fileEncoding = 4; lastKnownFileType = sourcecode.c.h; path = CPTMutableNumericData.h; sourceTree = "<group>"; };
		131B76531AC8FB240058EC1A /* CPTMutablePlotRange.h */ = {isa = PBXFileReference; fileEncoding = 4; lastKnownFileType = sourcecode.c.h; path = CPTMutablePlotRange.h; sourceTree = "<group>"; };
		131B76541AC8FB240058EC1A /* CPTMutableShadow.h */ = {isa = PBXFileReference; fileEncoding = 4; lastKnownFileType = sourcecode.c.h; path = CPTMutableShadow.h; sourceTree = "<group>"; };
		131B76551AC8FB240058EC1A /* CPTMutableTextStyle.h */ = {isa = PBXFileReference; fileEncoding = 4; lastKnownFileType = sourcecode.c.h; path = CPTMutableTextStyle.h; sourceTree = "<group>"; };
		131B76561AC8FB240058EC1A /* CPTNumericData+TypeConversion.h */ = {isa = PBXFileReference; fileEncoding = 4; lastKnownFileType = sourcecode.c.h; path = "CPTNumericData+TypeConversion.h"; sourceTree = "<group>"; };
		131B76571AC8FB240058EC1A /* CPTNumericData.h */ = {isa = PBXFileReference; fileEncoding = 4; lastKnownFileType = sourcecode.c.h; path = CPTNumericData.h; sourceTree = "<group>"; };
		131B76581AC8FB240058EC1A /* CPTNumericDataType.h */ = {isa = PBXFileReference; fileEncoding = 4; lastKnownFileType = sourcecode.c.h; path = CPTNumericDataType.h; sourceTree = "<group>"; };
		131B76591AC8FB240058EC1A /* CPTPathExtensions.h */ = {isa = PBXFileReference; fileEncoding = 4; lastKnownFileType = sourcecode.c.h; path = CPTPathExtensions.h; sourceTree = "<group>"; };
		131B765A1AC8FB240058EC1A /* CPTPieChart.h */ = {isa = PBXFileReference; fileEncoding = 4; lastKnownFileType = sourcecode.c.h; path = CPTPieChart.h; sourceTree = "<group>"; };
		131B765B1AC8FB240058EC1A /* CPTPlatformSpecificCategories.h */ = {isa = PBXFileReference; fileEncoding = 4; lastKnownFileType = sourcecode.c.h; path = CPTPlatformSpecificCategories.h; sourceTree = "<group>"; };
		131B765C1AC8FB240058EC1A /* CPTPlatformSpecificDefines.h */ = {isa = PBXFileReference; fileEncoding = 4; lastKnownFileType = sourcecode.c.h; path = CPTPlatformSpecificDefines.h; sourceTree = "<group>"; };
		131B765D1AC8FB240058EC1A /* CPTPlatformSpecificFunctions.h */ = {isa = PBXFileReference; fileEncoding = 4; lastKnownFileType = sourcecode.c.h; path = CPTPlatformSpecificFunctions.h; sourceTree = "<group>"; };
		131B765E1AC8FB240058EC1A /* CPTPlot.h */ = {isa = PBXFileReference; fileEncoding = 4; lastKnownFileType = sourcecode.c.h; path = CPTPlot.h; sourceTree = "<group>"; };
		131B765F1AC8FB240058EC1A /* CPTPlotArea.h */ = {isa = PBXFileReference; fileEncoding = 4; lastKnownFileType = sourcecode.c.h; path = CPTPlotArea.h; sourceTree = "<group>"; };
		131B76601AC8FB240058EC1A /* CPTPlotAreaFrame.h */ = {isa = PBXFileReference; fileEncoding = 4; lastKnownFileType = sourcecode.c.h; path = CPTPlotAreaFrame.h; sourceTree = "<group>"; };
		131B76611AC8FB240058EC1A /* CPTPlotGroup.h */ = {isa = PBXFileReference; fileEncoding = 4; lastKnownFileType = sourcecode.c.h; path = CPTPlotGroup.h; sourceTree = "<group>"; };
		131B76621AC8FB240058EC1A /* CPTPlotRange.h */ = {isa = PBXFileReference; fileEncoding = 4; lastKnownFileType = sourcecode.c.h; path = CPTPlotRange.h; sourceTree = "<group>"; };
		131B76631AC8FB240058EC1A /* CPTPlotSpace.h */ = {isa = PBXFileReference; fileEncoding = 4; lastKnownFileType = sourcecode.c.h; path = CPTPlotSpace.h; sourceTree = "<group>"; };
		131B76641AC8FB240058EC1A /* CPTPlotSpaceAnnotation.h */ = {isa = PBXFileReference; fileEncoding = 4; lastKnownFileType = sourcecode.c.h; path = CPTPlotSpaceAnnotation.h; sourceTree = "<group>"; };
		131B76651AC8FB240058EC1A /* CPTPlotSymbol.h */ = {isa = PBXFileReference; fileEncoding = 4; lastKnownFileType = sourcecode.c.h; path = CPTPlotSymbol.h; sourceTree = "<group>"; };
		131B76661AC8FB240058EC1A /* CPTRangePlot.h */ = {isa = PBXFileReference; fileEncoding = 4; lastKnownFileType = sourcecode.c.h; path = CPTRangePlot.h; sourceTree = "<group>"; };
		131B76671AC8FB240058EC1A /* CPTResponder.h */ = {isa = PBXFileReference; fileEncoding = 4; lastKnownFileType = sourcecode.c.h; path = CPTResponder.h; sourceTree = "<group>"; };
		131B76681AC8FB240058EC1A /* CPTScatterPlot.h */ = {isa = PBXFileReference; fileEncoding = 4; lastKnownFileType = sourcecode.c.h; path = CPTScatterPlot.h; sourceTree = "<group>"; };
		131B76691AC8FB240058EC1A /* CPTShadow.h */ = {isa = PBXFileReference; fileEncoding = 4; lastKnownFileType = sourcecode.c.h; path = CPTShadow.h; sourceTree = "<group>"; };
		131B766A1AC8FB240058EC1A /* CPTTestCase.h */ = {isa = PBXFileReference; fileEncoding = 4; lastKnownFileType = sourcecode.c.h; path = CPTTestCase.h; sourceTree = "<group>"; };
		131B766B1AC8FB240058EC1A /* CPTTextLayer.h */ = {isa = PBXFileReference; fileEncoding = 4; lastKnownFileType = sourcecode.c.h; path = CPTTextLayer.h; sourceTree = "<group>"; };
		131B766C1AC8FB240058EC1A /* CPTTextStyle.h */ = {isa = PBXFileReference; fileEncoding = 4; lastKnownFileType = sourcecode.c.h; path = CPTTextStyle.h; sourceTree = "<group>"; };
		131B766D1AC8FB240058EC1A /* CPTTextStylePlatformSpecific.h */ = {isa = PBXFileReference; fileEncoding = 4; lastKnownFileType = sourcecode.c.h; path = CPTTextStylePlatformSpecific.h; sourceTree = "<group>"; };
		131B766E1AC8FB240058EC1A /* CPTTheme.h */ = {isa = PBXFileReference; fileEncoding = 4; lastKnownFileType = sourcecode.c.h; path = CPTTheme.h; sourceTree = "<group>"; };
		131B766F1AC8FB240058EC1A /* CPTTimeFormatter.h */ = {isa = PBXFileReference; fileEncoding = 4; lastKnownFileType = sourcecode.c.h; path = CPTTimeFormatter.h; sourceTree = "<group>"; };
		131B76701AC8FB240058EC1A /* CPTTradingRangePlot.h */ = {isa = PBXFileReference; fileEncoding = 4; lastKnownFileType = sourcecode.c.h; path = CPTTradingRangePlot.h; sourceTree = "<group>"; };
		131B76711AC8FB240058EC1A /* CPTUtilities.h */ = {isa = PBXFileReference; fileEncoding = 4; lastKnownFileType = sourcecode.c.h; path = CPTUtilities.h; sourceTree = "<group>"; };
		131B76721AC8FB240058EC1A /* CPTXYAxis.h */ = {isa = PBXFileReference; fileEncoding = 4; lastKnownFileType = sourcecode.c.h; path = CPTXYAxis.h; sourceTree = "<group>"; };
		131B76731AC8FB240058EC1A /* CPTXYAxisSet.h */ = {isa = PBXFileReference; fileEncoding = 4; lastKnownFileType = sourcecode.c.h; path = CPTXYAxisSet.h; sourceTree = "<group>"; };
		131B76741AC8FB240058EC1A /* CPTXYGraph.h */ = {isa = PBXFileReference; fileEncoding = 4; lastKnownFileType = sourcecode.c.h; path = CPTXYGraph.h; sourceTree = "<group>"; };
		131B76751AC8FB240058EC1A /* CPTXYPlotSpace.h */ = {isa = PBXFileReference; fileEncoding = 4; lastKnownFileType = sourcecode.c.h; path = CPTXYPlotSpace.h; sourceTree = "<group>"; };
		131B76761AC8FB240058EC1A /* mainpage.h */ = {isa = PBXFileReference; fileEncoding = 4; lastKnownFileType = sourcecode.c.h; path = mainpage.h; sourceTree = "<group>"; };
		131B76771AC8FB240058EC1A /* NSCoderExtensions.h */ = {isa = PBXFileReference; fileEncoding = 4; lastKnownFileType = sourcecode.c.h; path = NSCoderExtensions.h; sourceTree = "<group>"; };
		131B76781AC8FB240058EC1A /* NSDecimalNumberExtensions.h */ = {isa = PBXFileReference; fileEncoding = 4; lastKnownFileType = sourcecode.c.h; path = NSDecimalNumberExtensions.h; sourceTree = "<group>"; };
		131B76791AC8FB240058EC1A /* NSNumberExtensions.h */ = {isa = PBXFileReference; fileEncoding = 4; lastKnownFileType = sourcecode.c.h; path = NSNumberExtensions.h; sourceTree = "<group>"; };
		131B767A1AC8FB240058EC1A /* libCorePlot-CocoaTouch.a */ = {isa = PBXFileReference; lastKnownFileType = archive.ar; path = "libCorePlot-CocoaTouch.a"; sourceTree = "<group>"; };
		13D0FCCB1AC6B4C500378C45 /* SimpleCorePlot.app */ = {isa = PBXFileReference; explicitFileType = wrapper.application; includeInIndex = 0; path = SimpleCorePlot.app; sourceTree = BUILT_PRODUCTS_DIR; };
		13D0FCCF1AC6B4C500378C45 /* Info.plist */ = {isa = PBXFileReference; lastKnownFileType = text.plist.xml; path = Info.plist; sourceTree = "<group>"; };
		13D0FCD01AC6B4C500378C45 /* main.m */ = {isa = PBXFileReference; lastKnownFileType = sourcecode.c.objc; path = main.m; sourceTree = "<group>"; };
		13D0FCD51AC6B4C500378C45 /* ViewController.h */ = {isa = PBXFileReference; lastKnownFileType = sourcecode.c.h; path = ViewController.h; sourceTree = "<group>"; };
		13D0FCD61AC6B4C500378C45 /* ViewController.m */ = {isa = PBXFileReference; lastKnownFileType = sourcecode.c.objc; path = ViewController.m; sourceTree = "<group>"; };
		13D0FCD91AC6B4C500378C45 /* Base */ = {isa = PBXFileReference; lastKnownFileType = file.storyboard; name = Base; path = Base.lproj/Main.storyboard; sourceTree = "<group>"; };
		13D0FCDB1AC6B4C500378C45 /* Images.xcassets */ = {isa = PBXFileReference; lastKnownFileType = folder.assetcatalog; path = Images.xcassets; sourceTree = "<group>"; };
		13D0FCDE1AC6B4C500378C45 /* Base */ = {isa = PBXFileReference; lastKnownFileType = file.xib; name = Base; path = Base.lproj/LaunchScreen.xib; sourceTree = "<group>"; };
		13D0FCE41AC6B4C500378C45 /* SimpleCorePlotTests.xctest */ = {isa = PBXFileReference; explicitFileType = wrapper.cfbundle; includeInIndex = 0; path = SimpleCorePlotTests.xctest; sourceTree = BUILT_PRODUCTS_DIR; };
		13D0FCE91AC6B4C500378C45 /* Info.plist */ = {isa = PBXFileReference; lastKnownFileType = text.plist.xml; path = Info.plist; sourceTree = "<group>"; };
		13D0FCEA1AC6B4C500378C45 /* SimpleCorePlotTests.m */ = {isa = PBXFileReference; lastKnownFileType = sourcecode.c.objc; path = SimpleCorePlotTests.m; sourceTree = "<group>"; };
		13D0FCF61AC6B5AD00378C45 /* AppDelegate.h */ = {isa = PBXFileReference; fileEncoding = 4; lastKnownFileType = sourcecode.c.h; path = AppDelegate.h; sourceTree = "<group>"; };
		13D0FCF71AC6B5AD00378C45 /* AppDelegate.m */ = {isa = PBXFileReference; fileEncoding = 4; lastKnownFileType = sourcecode.c.objc; path = AppDelegate.m; sourceTree = "<group>"; };
/* End PBXFileReference section */

/* Begin PBXFrameworksBuildPhase section */
		13D0FCC81AC6B4C500378C45 /* Frameworks */ = {
			isa = PBXFrameworksBuildPhase;
			buildActionMask = 2147483647;
			files = (
				131B767B1AC8FB240058EC1A /* libCorePlot-CocoaTouch.a in Frameworks */,
			);
			runOnlyForDeploymentPostprocessing = 0;
		};
		13D0FCE11AC6B4C500378C45 /* Frameworks */ = {
			isa = PBXFrameworksBuildPhase;
			buildActionMask = 2147483647;
			files = (
			);
			runOnlyForDeploymentPostprocessing = 0;
		};
/* End PBXFrameworksBuildPhase section */

/* Begin PBXGroup section */
		131B762A1AC8FB240058EC1A /* iOS */ = {
			isa = PBXGroup;
			children = (
				131B762B1AC8FB240058EC1A /* CorePlotHeaders */,
				131B767A1AC8FB240058EC1A /* libCorePlot-CocoaTouch.a */,
			);
			path = iOS;
			sourceTree = "<group>";
		};
		131B762B1AC8FB240058EC1A /* CorePlotHeaders */ = {
			isa = PBXGroup;
			children = (
				131B762C1AC8FB240058EC1A /* CorePlot-CocoaTouch.h */,
				131B762D1AC8FB240058EC1A /* CPTAnimation.h */,
				131B762E1AC8FB240058EC1A /* CPTAnimationOperation.h */,
				131B762F1AC8FB240058EC1A /* CPTAnimationPeriod.h */,
				131B76301AC8FB240058EC1A /* CPTAnnotation.h */,
				131B76311AC8FB240058EC1A /* CPTAnnotationHostLayer.h */,
				131B76321AC8FB240058EC1A /* CPTAxis.h */,
				131B76331AC8FB240058EC1A /* CPTAxisLabel.h */,
				131B76341AC8FB240058EC1A /* CPTAxisLabelGroup.h */,
				131B76351AC8FB240058EC1A /* CPTAxisSet.h */,
				131B76361AC8FB240058EC1A /* CPTAxisTitle.h */,
				131B76371AC8FB240058EC1A /* CPTBarPlot.h */,
				131B76381AC8FB240058EC1A /* CPTBorderedLayer.h */,
				131B76391AC8FB240058EC1A /* CPTCalendarFormatter.h */,
				131B763A1AC8FB240058EC1A /* CPTColor.h */,
				131B763B1AC8FB240058EC1A /* CPTColorSpace.h */,
				131B763C1AC8FB240058EC1A /* CPTConstraints.h */,
				131B763D1AC8FB240058EC1A /* CPTDataSourceTestCase.h */,
				131B763E1AC8FB240058EC1A /* CPTDefinitions.h */,
				131B763F1AC8FB240058EC1A /* CPTDerivedXYGraph.h */,
				131B76401AC8FB240058EC1A /* CPTExceptions.h */,
				131B76411AC8FB240058EC1A /* CPTFill.h */,
				131B76421AC8FB240058EC1A /* CPTFunctionDataSource.h */,
				131B76431AC8FB240058EC1A /* CPTGradient.h */,
				131B76441AC8FB240058EC1A /* CPTGraph.h */,
				131B76451AC8FB240058EC1A /* CPTGraphHostingView.h */,
				131B76461AC8FB240058EC1A /* CPTGridLineGroup.h */,
				131B76471AC8FB240058EC1A /* CPTGridLines.h */,
				131B76481AC8FB240058EC1A /* CPTImage.h */,
				131B76491AC8FB240058EC1A /* CPTLayer.h */,
				131B764A1AC8FB240058EC1A /* CPTLayerAnnotation.h */,
				131B764B1AC8FB240058EC1A /* CPTLegend.h */,
				131B764C1AC8FB240058EC1A /* CPTLegendEntry.h */,
				131B764D1AC8FB240058EC1A /* CPTLimitBand.h */,
				131B764E1AC8FB240058EC1A /* CPTLineCap.h */,
				131B764F1AC8FB240058EC1A /* CPTLineStyle.h */,
				131B76501AC8FB240058EC1A /* CPTMutableLineStyle.h */,
				131B76511AC8FB240058EC1A /* CPTMutableNumericData+TypeConversion.h */,
				131B76521AC8FB240058EC1A /* CPTMutableNumericData.h */,
				131B76531AC8FB240058EC1A /* CPTMutablePlotRange.h */,
				131B76541AC8FB240058EC1A /* CPTMutableShadow.h */,
				131B76551AC8FB240058EC1A /* CPTMutableTextStyle.h */,
				131B76561AC8FB240058EC1A /* CPTNumericData+TypeConversion.h */,
				131B76571AC8FB240058EC1A /* CPTNumericData.h */,
				131B76581AC8FB240058EC1A /* CPTNumericDataType.h */,
				131B76591AC8FB240058EC1A /* CPTPathExtensions.h */,
				131B765A1AC8FB240058EC1A /* CPTPieChart.h */,
				131B765B1AC8FB240058EC1A /* CPTPlatformSpecificCategories.h */,
				131B765C1AC8FB240058EC1A /* CPTPlatformSpecificDefines.h */,
				131B765D1AC8FB240058EC1A /* CPTPlatformSpecificFunctions.h */,
				131B765E1AC8FB240058EC1A /* CPTPlot.h */,
				131B765F1AC8FB240058EC1A /* CPTPlotArea.h */,
				131B76601AC8FB240058EC1A /* CPTPlotAreaFrame.h */,
				131B76611AC8FB240058EC1A /* CPTPlotGroup.h */,
				131B76621AC8FB240058EC1A /* CPTPlotRange.h */,
				131B76631AC8FB240058EC1A /* CPTPlotSpace.h */,
				131B76641AC8FB240058EC1A /* CPTPlotSpaceAnnotation.h */,
				131B76651AC8FB240058EC1A /* CPTPlotSymbol.h */,
				131B76661AC8FB240058EC1A /* CPTRangePlot.h */,
				131B76671AC8FB240058EC1A /* CPTResponder.h */,
				131B76681AC8FB240058EC1A /* CPTScatterPlot.h */,
				131B76691AC8FB240058EC1A /* CPTShadow.h */,
				131B766A1AC8FB240058EC1A /* CPTTestCase.h */,
				131B766B1AC8FB240058EC1A /* CPTTextLayer.h */,
				131B766C1AC8FB240058EC1A /* CPTTextStyle.h */,
				131B766D1AC8FB240058EC1A /* CPTTextStylePlatformSpecific.h */,
				131B766E1AC8FB240058EC1A /* CPTTheme.h */,
				131B766F1AC8FB240058EC1A /* CPTTimeFormatter.h */,
				131B76701AC8FB240058EC1A /* CPTTradingRangePlot.h */,
				131B76711AC8FB240058EC1A /* CPTUtilities.h */,
				131B76721AC8FB240058EC1A /* CPTXYAxis.h */,
				131B76731AC8FB240058EC1A /* CPTXYAxisSet.h */,
				131B76741AC8FB240058EC1A /* CPTXYGraph.h */,
				131B76751AC8FB240058EC1A /* CPTXYPlotSpace.h */,
				131B76761AC8FB240058EC1A /* mainpage.h */,
				131B76771AC8FB240058EC1A /* NSCoderExtensions.h */,
				131B76781AC8FB240058EC1A /* NSDecimalNumberExtensions.h */,
				131B76791AC8FB240058EC1A /* NSNumberExtensions.h */,
			);
			path = CorePlotHeaders;
			sourceTree = "<group>";
		};
		13D0FCC21AC6B4C400378C45 = {
			isa = PBXGroup;
			children = (
				13D0FCCD1AC6B4C500378C45 /* SimpleCorePlot */,
				13D0FCE71AC6B4C500378C45 /* SimpleCorePlotTests */,
				13D0FCCC1AC6B4C500378C45 /* Products */,
			);
			sourceTree = "<group>";
		};
		13D0FCCC1AC6B4C500378C45 /* Products */ = {
			isa = PBXGroup;
			children = (
				13D0FCCB1AC6B4C500378C45 /* SimpleCorePlot.app */,
				13D0FCE41AC6B4C500378C45 /* SimpleCorePlotTests.xctest */,
			);
			name = Products;
			sourceTree = "<group>";
		};
		13D0FCCD1AC6B4C500378C45 /* SimpleCorePlot */ = {
			isa = PBXGroup;
			children = (
				13D0FCF41AC6B5AD00378C45 /* classes */,
				13D0FCD51AC6B4C500378C45 /* ViewController.h */,
				13D0FCD61AC6B4C500378C45 /* ViewController.m */,
				13D0FCD81AC6B4C500378C45 /* Main.storyboard */,
				13D0FCDB1AC6B4C500378C45 /* Images.xcassets */,
				13D0FCDD1AC6B4C500378C45 /* LaunchScreen.xib */,
				13D0FCCE1AC6B4C500378C45 /* Supporting Files */,
			);
			path = SimpleCorePlot;
			sourceTree = "<group>";
		};
		13D0FCCE1AC6B4C500378C45 /* Supporting Files */ = {
			isa = PBXGroup;
			children = (
				13D0FCCF1AC6B4C500378C45 /* Info.plist */,
				13D0FCD01AC6B4C500378C45 /* main.m */,
			);
			name = "Supporting Files";
			sourceTree = "<group>";
		};
		13D0FCE71AC6B4C500378C45 /* SimpleCorePlotTests */ = {
			isa = PBXGroup;
			children = (
				13D0FCEA1AC6B4C500378C45 /* SimpleCorePlotTests.m */,
				13D0FCE81AC6B4C500378C45 /* Supporting Files */,
			);
			path = SimpleCorePlotTests;
			sourceTree = "<group>";
		};
		13D0FCE81AC6B4C500378C45 /* Supporting Files */ = {
			isa = PBXGroup;
			children = (
				13D0FCE91AC6B4C500378C45 /* Info.plist */,
			);
			name = "Supporting Files";
			sourceTree = "<group>";
		};
		13D0FCF41AC6B5AD00378C45 /* classes */ = {
			isa = PBXGroup;
			children = (
				13D0FCF51AC6B5AD00378C45 /* Delegate */,
				13D0FCF81AC6B5AD00378C45 /* External library */,
				13D0FCF91AC6B5AD00378C45 /* ViewControllers */,
				13D0FCFA1AC6B5AD00378C45 /* Views */,
			);
			path = classes;
			sourceTree = "<group>";
		};
		13D0FCF51AC6B5AD00378C45 /* Delegate */ = {
			isa = PBXGroup;
			children = (
				13D0FCF61AC6B5AD00378C45 /* AppDelegate.h */,
				13D0FCF71AC6B5AD00378C45 /* AppDelegate.m */,
			);
			path = Delegate;
			sourceTree = "<group>";
		};
		13D0FCF81AC6B5AD00378C45 /* External library */ = {
			isa = PBXGroup;
			children = (
				131B762A1AC8FB240058EC1A /* iOS */,
			);
			path = "External library";
			sourceTree = "<group>";
		};
		13D0FCF91AC6B5AD00378C45 /* ViewControllers */ = {
			isa = PBXGroup;
			children = (
				131B761C1AC8E7CC0058EC1A /* SPBarChartViewController.h */,
				131B761D1AC8E7CC0058EC1A /* SPBarChartViewController.m */,
				131B761E1AC8E7CC0058EC1A /* SPBarChartViewController.xib */,
			);
			path = ViewControllers;
			sourceTree = "<group>";
		};
		13D0FCFA1AC6B5AD00378C45 /* Views */ = {
			isa = PBXGroup;
			children = (
				131B76271AC8F1470058EC1A /* SPGraphView.h */,
				131B76281AC8F1470058EC1A /* SPGraphView.m */,
			);
			path = Views;
			sourceTree = "<group>";
		};
/* End PBXGroup section */

/* Begin PBXNativeTarget section */
		13D0FCCA1AC6B4C500378C45 /* SimpleCorePlot */ = {
			isa = PBXNativeTarget;
			buildConfigurationList = 13D0FCEE1AC6B4C500378C45 /* Build configuration list for PBXNativeTarget "SimpleCorePlot" */;
			buildPhases = (
				13D0FCC71AC6B4C500378C45 /* Sources */,
				13D0FCC81AC6B4C500378C45 /* Frameworks */,
				13D0FCC91AC6B4C500378C45 /* Resources */,
			);
			buildRules = (
			);
			dependencies = (
			);
			name = SimpleCorePlot;
			productName = SimpleCorePlot;
			productReference = 13D0FCCB1AC6B4C500378C45 /* SimpleCorePlot.app */;
			productType = "com.apple.product-type.application";
		};
		13D0FCE31AC6B4C500378C45 /* SimpleCorePlotTests */ = {
			isa = PBXNativeTarget;
			buildConfigurationList = 13D0FCF11AC6B4C500378C45 /* Build configuration list for PBXNativeTarget "SimpleCorePlotTests" */;
			buildPhases = (
				13D0FCE01AC6B4C500378C45 /* Sources */,
				13D0FCE11AC6B4C500378C45 /* Frameworks */,
				13D0FCE21AC6B4C500378C45 /* Resources */,
			);
			buildRules = (
			);
			dependencies = (
				13D0FCE61AC6B4C500378C45 /* PBXTargetDependency */,
			);
			name = SimpleCorePlotTests;
			productName = SimpleCorePlotTests;
			productReference = 13D0FCE41AC6B4C500378C45 /* SimpleCorePlotTests.xctest */;
			productType = "com.apple.product-type.bundle.unit-test";
		};
/* End PBXNativeTarget section */

/* Begin PBXProject section */
		13D0FCC31AC6B4C400378C45 /* Project object */ = {
			isa = PBXProject;
			attributes = {
				LastUpgradeCheck = 0610;
				ORGANIZATIONNAME = "Nextop HN 2";
				TargetAttributes = {
					13D0FCCA1AC6B4C500378C45 = {
						CreatedOnToolsVersion = 6.1.1;
					};
					13D0FCE31AC6B4C500378C45 = {
						CreatedOnToolsVersion = 6.1.1;
						TestTargetID = 13D0FCCA1AC6B4C500378C45;
					};
				};
			};
			buildConfigurationList = 13D0FCC61AC6B4C500378C45 /* Build configuration list for PBXProject "SimpleCorePlot" */;
			compatibilityVersion = "Xcode 3.2";
			developmentRegion = English;
			hasScannedForEncodings = 0;
			knownRegions = (
				en,
				Base,
			);
			mainGroup = 13D0FCC21AC6B4C400378C45;
			productRefGroup = 13D0FCCC1AC6B4C500378C45 /* Products */;
			projectDirPath = "";
			projectRoot = "";
			targets = (
				13D0FCCA1AC6B4C500378C45 /* SimpleCorePlot */,
				13D0FCE31AC6B4C500378C45 /* SimpleCorePlotTests */,
			);
		};
/* End PBXProject section */

/* Begin PBXResourcesBuildPhase section */
		13D0FCC91AC6B4C500378C45 /* Resources */ = {
			isa = PBXResourcesBuildPhase;
			buildActionMask = 2147483647;
			files = (
				13D0FCDA1AC6B4C500378C45 /* Main.storyboard in Resources */,
				13D0FCDF1AC6B4C500378C45 /* LaunchScreen.xib in Resources */,
				131B76201AC8E7CC0058EC1A /* SPBarChartViewController.xib in Resources */,
				13D0FCDC1AC6B4C500378C45 /* Images.xcassets in Resources */,
			);
			runOnlyForDeploymentPostprocessing = 0;
		};
		13D0FCE21AC6B4C500378C45 /* Resources */ = {
			isa = PBXResourcesBuildPhase;
			buildActionMask = 2147483647;
			files = (
			);
			runOnlyForDeploymentPostprocessing = 0;
		};
/* End PBXResourcesBuildPhase section */

/* Begin PBXSourcesBuildPhase section */
		13D0FCC71AC6B4C500378C45 /* Sources */ = {
			isa = PBXSourcesBuildPhase;
			buildActionMask = 2147483647;
			files = (
				13D0FCD71AC6B4C500378C45 /* ViewController.m in Sources */,
				131B76291AC8F1470058EC1A /* SPGraphView.m in Sources */,
				13D0FCD11AC6B4C500378C45 /* main.m in Sources */,
				131B761F1AC8E7CC0058EC1A /* SPBarChartViewController.m in Sources */,
				13D0FCFB1AC6B5AD00378C45 /* AppDelegate.m in Sources */,
			);
			runOnlyForDeploymentPostprocessing = 0;
		};
		13D0FCE01AC6B4C500378C45 /* Sources */ = {
			isa = PBXSourcesBuildPhase;
			buildActionMask = 2147483647;
			files = (
				13D0FCEB1AC6B4C500378C45 /* SimpleCorePlotTests.m in Sources */,
			);
			runOnlyForDeploymentPostprocessing = 0;
		};
/* End PBXSourcesBuildPhase section */

/* Begin PBXTargetDependency section */
		13D0FCE61AC6B4C500378C45 /* PBXTargetDependency */ = {
			isa = PBXTargetDependency;
			target = 13D0FCCA1AC6B4C500378C45 /* SimpleCorePlot */;
			targetProxy = 13D0FCE51AC6B4C500378C45 /* PBXContainerItemProxy */;
		};
/* End PBXTargetDependency section */

/* Begin PBXVariantGroup section */
		13D0FCD81AC6B4C500378C45 /* Main.storyboard */ = {
			isa = PBXVariantGroup;
			children = (
				13D0FCD91AC6B4C500378C45 /* Base */,
			);
			name = Main.storyboard;
			sourceTree = "<group>";
		};
		13D0FCDD1AC6B4C500378C45 /* LaunchScreen.xib */ = {
			isa = PBXVariantGroup;
			children = (
				13D0FCDE1AC6B4C500378C45 /* Base */,
			);
			name = LaunchScreen.xib;
			sourceTree = "<group>";
		};
/* End PBXVariantGroup section */

/* Begin XCBuildConfiguration section */
		13D0FCEC1AC6B4C500378C45 /* Debug */ = {
			isa = XCBuildConfiguration;
			buildSettings = {
				ALWAYS_SEARCH_USER_PATHS = NO;
				CLANG_CXX_LANGUAGE_STANDARD = "gnu++0x";
				CLANG_CXX_LIBRARY = "libc++";
				CLANG_ENABLE_MODULES = YES;
				CLANG_ENABLE_OBJC_ARC = YES;
				CLANG_WARN_BOOL_CONVERSION = YES;
				CLANG_WARN_CONSTANT_CONVERSION = YES;
				CLANG_WARN_DIRECT_OBJC_ISA_USAGE = YES_ERROR;
				CLANG_WARN_EMPTY_BODY = YES;
				CLANG_WARN_ENUM_CONVERSION = YES;
				CLANG_WARN_INT_CONVERSION = YES;
				CLANG_WARN_OBJC_ROOT_CLASS = YES_ERROR;
				CLANG_WARN_UNREACHABLE_CODE = YES;
				CLANG_WARN__DUPLICATE_METHOD_MATCH = YES;
				"CODE_SIGN_IDENTITY[sdk=iphoneos*]" = "iPhone Developer";
				COPY_PHASE_STRIP = NO;
				ENABLE_STRICT_OBJC_MSGSEND = YES;
				GCC_C_LANGUAGE_STANDARD = gnu99;
				GCC_DYNAMIC_NO_PIC = NO;
				GCC_OPTIMIZATION_LEVEL = 0;
				GCC_PREPROCESSOR_DEFINITIONS = (
					"DEBUG=1",
					"$(inherited)",
				);
				GCC_SYMBOLS_PRIVATE_EXTERN = NO;
				GCC_WARN_64_TO_32_BIT_CONVERSION = YES;
				GCC_WARN_ABOUT_RETURN_TYPE = YES_ERROR;
				GCC_WARN_UNDECLARED_SELECTOR = YES;
				GCC_WARN_UNINITIALIZED_AUTOS = YES_AGGRESSIVE;
				GCC_WARN_UNUSED_FUNCTION = YES;
				GCC_WARN_UNUSED_VARIABLE = YES;
				IPHONEOS_DEPLOYMENT_TARGET = 8.1;
				MTL_ENABLE_DEBUG_INFO = YES;
				ONLY_ACTIVE_ARCH = YES;
				SDKROOT = iphoneos;
			};
			name = Debug;
		};
		13D0FCED1AC6B4C500378C45 /* Release */ = {
			isa = XCBuildConfiguration;
			buildSettings = {
				ALWAYS_SEARCH_USER_PATHS = NO;
				CLANG_CXX_LANGUAGE_STANDARD = "gnu++0x";
				CLANG_CXX_LIBRARY = "libc++";
				CLANG_ENABLE_MODULES = YES;
				CLANG_ENABLE_OBJC_ARC = YES;
				CLANG_WARN_BOOL_CONVERSION = YES;
				CLANG_WARN_CONSTANT_CONVERSION = YES;
				CLANG_WARN_DIRECT_OBJC_ISA_USAGE = YES_ERROR;
				CLANG_WARN_EMPTY_BODY = YES;
				CLANG_WARN_ENUM_CONVERSION = YES;
				CLANG_WARN_INT_CONVERSION = YES;
				CLANG_WARN_OBJC_ROOT_CLASS = YES_ERROR;
				CLANG_WARN_UNREACHABLE_CODE = YES;
				CLANG_WARN__DUPLICATE_METHOD_MATCH = YES;
				"CODE_SIGN_IDENTITY[sdk=iphoneos*]" = "iPhone Developer";
				COPY_PHASE_STRIP = YES;
				ENABLE_NS_ASSERTIONS = NO;
				ENABLE_STRICT_OBJC_MSGSEND = YES;
				GCC_C_LANGUAGE_STANDARD = gnu99;
				GCC_WARN_64_TO_32_BIT_CONVERSION = YES;
				GCC_WARN_ABOUT_RETURN_TYPE = YES_ERROR;
				GCC_WARN_UNDECLARED_SELECTOR = YES;
				GCC_WARN_UNINITIALIZED_AUTOS = YES_AGGRESSIVE;
				GCC_WARN_UNUSED_FUNCTION = YES;
				GCC_WARN_UNUSED_VARIABLE = YES;
				IPHONEOS_DEPLOYMENT_TARGET = 8.1;
				MTL_ENABLE_DEBUG_INFO = NO;
				SDKROOT = iphoneos;
				VALIDATE_PRODUCT = YES;
			};
			name = Release;
		};
		13D0FCEF1AC6B4C500378C45 /* Debug */ = {
			isa = XCBuildConfiguration;
			buildSettings = {
				ASSETCATALOG_COMPILER_APPICON_NAME = AppIcon;
				INFOPLIST_FILE = SimpleCorePlot/Info.plist;
				LD_RUNPATH_SEARCH_PATHS = "$(inherited) @executable_path/Frameworks";
				LIBRARY_SEARCH_PATHS = (
					"$(inherited)",
					"$(PROJECT_DIR)/SimpleCorePlot/classes/External",
					library/CorePlot,
					"$(PROJECT_DIR)/SimpleCorePlot/CorePlot",
					"\"$(SRCROOT)/SimpleCorePlot/classes/External library/CorePlot\"/**",
					"$(PROJECT_DIR)/SimpleCorePlot/classes/External",
					library/iOS,
				);
				OTHER_LDFLAGS = (
					"-ObjC",
					"-all_load",
				);
				PRODUCT_NAME = "$(TARGET_NAME)";
				USER_HEADER_SEARCH_PATHS = "";
				WARNING_LDFLAGS = (
					"-all_load",
					"-ObjC",
				);
			};
			name = Debug;
		};
		13D0FCF01AC6B4C500378C45 /* Release */ = {
			isa = XCBuildConfiguration;
			buildSettings = {
				ASSETCATALOG_COMPILER_APPICON_NAME = AppIcon;
				INFOPLIST_FILE = SimpleCorePlot/Info.plist;
				LD_RUNPATH_SEARCH_PATHS = "$(inherited) @executable_path/Frameworks";
				LIBRARY_SEARCH_PATHS = (
					"$(inherited)",
					"$(PROJECT_DIR)/SimpleCorePlot/classes/External",
					library/CorePlot,
					"$(PROJECT_DIR)/SimpleCorePlot/CorePlot",
					"\"$(SRCROOT)/SimpleCorePlot/classes/External library/CorePlot\"/**",
					"$(PROJECT_DIR)/SimpleCorePlot/classes/External",
					library/iOS,
				);
				OTHER_LDFLAGS = (
					"-ObjC",
					"-all_load",
				);
				PRODUCT_NAME = "$(TARGET_NAME)";
				USER_HEADER_SEARCH_PATHS = "";
				WARNING_LDFLAGS = (
					"-all_load",
					"-ObjC",
				);
			};
			name = Release;
		};
		13D0FCF21AC6B4C500378C45 /* Debug */ = {
			isa = XCBuildConfiguration;
			buildSettings = {
				BUNDLE_LOADER = "$(TEST_HOST)";
				FRAMEWORK_SEARCH_PATHS = (
					"$(SDKROOT)/Developer/Library/Frameworks",
					"$(inherited)",
				);
				GCC_PREPROCESSOR_DEFINITIONS = (
					"DEBUG=1",
					"$(inherited)",
				);
				INFOPLIST_FILE = SimpleCorePlotTests/Info.plist;
				LD_RUNPATH_SEARCH_PATHS = "$(inherited) @executable_path/Frameworks @loader_path/Frameworks";
				PRODUCT_NAME = "$(TARGET_NAME)";
				TEST_HOST = "$(BUILT_PRODUCTS_DIR)/SimpleCorePlot.app/SimpleCorePlot";
			};
			name = Debug;
		};
		13D0FCF31AC6B4C500378C45 /* Release */ = {
			isa = XCBuildConfiguration;
			buildSettings = {
				BUNDLE_LOADER = "$(TEST_HOST)";
				FRAMEWORK_SEARCH_PATHS = (
					"$(SDKROOT)/Developer/Library/Frameworks",
					"$(inherited)",
				);
				INFOPLIST_FILE = SimpleCorePlotTests/Info.plist;
				LD_RUNPATH_SEARCH_PATHS = "$(inherited) @executable_path/Frameworks @loader_path/Frameworks";
				PRODUCT_NAME = "$(TARGET_NAME)";
				TEST_HOST = "$(BUILT_PRODUCTS_DIR)/SimpleCorePlot.app/SimpleCorePlot";
			};
			name = Release;
		};
/* End XCBuildConfiguration section */

/* Begin XCConfigurationList section */
		13D0FCC61AC6B4C500378C45 /* Build configuration list for PBXProject "SimpleCorePlot" */ = {
			isa = XCConfigurationList;
			buildConfigurations = (
				13D0FCEC1AC6B4C500378C45 /* Debug */,
				13D0FCED1AC6B4C500378C45 /* Release */,
			);
			defaultConfigurationIsVisible = 0;
			defaultConfigurationName = Release;
		};
		13D0FCEE1AC6B4C500378C45 /* Build configuration list for PBXNativeTarget "SimpleCorePlot" */ = {
			isa = XCConfigurationList;
			buildConfigurations = (
				13D0FCEF1AC6B4C500378C45 /* Debug */,
				13D0FCF01AC6B4C500378C45 /* Release */,
			);
			defaultConfigurationIsVisible = 0;
			defaultConfigurationName = Release;
		};
		13D0FCF11AC6B4C500378C45 /* Build configuration list for PBXNativeTarget "SimpleCorePlotTests" */ = {
			isa = XCConfigurationList;
			buildConfigurations = (
				13D0FCF21AC6B4C500378C45 /* Debug */,
				13D0FCF31AC6B4C500378C45 /* Release */,
			);
			defaultConfigurationIsVisible = 0;
			defaultConfigurationName = Release;
		};
/* End XCConfigurationList section */
	};
	rootObject = 13D0FCC31AC6B4C400378C45 /* Project object */;
}
